
Microsoft Visual Studio Solution File, Format Version 12.00
# Visual Studio Version 17
VisualStudioVersion = 17.10.35122.118
MinimumVisualStudioVersion = 10.0.40219.1
Project("{FAE04EC0-301F-11D3-BF4B-00C04F79EFBC}") = "KindergartenApp", "KindergartenApp\KindergartenApp.csproj", "{00008AF0-4363-4467-A9E1-EDFD648B700E}"
EndProject
Global
	GlobalSection(SolutionConfigurationPlatforms) = preSolution
		Debug|Any CPU = Debug|Any CPU
		Release|Any CPU = Release|Any CPU
	EndGlobalSection
	GlobalSection(ProjectConfigurationPlatforms) = postSolution
		{00008AF0-4363-4467-A9E1-EDFD648B700E}.Debug|Any CPU.ActiveCfg = Debug|Any CPU
		{00008AF0-4363-4467-A9E1-EDFD648B700E}.Debug|Any CPU.Build.0 = Debug|Any CPU
		{00008AF0-4363-4467-A9E1-EDFD648B700E}.Release|Any CPU.ActiveCfg = Release|Any CPU
		{00008AF0-4363-4467-A9E1-EDFD648B700E}.Release|Any CPU.Build.0 = Release|Any CPU
	EndGlobalSection
	GlobalSection(SolutionProperties) = preSolution
		HideSolutionNode = FALSE
	EndGlobalSection
	GlobalSection(ExtensibilityGlobals) = postSolution
		SolutionGuid = {D84A3CA0-A4DE-4666-B12D-A2766CE41C77}
	EndGlobalSection
EndGlobal
